
Microsoft Visual Studio Solution File, Format Version 12.00
# Visual Studio 2012
Project("{FAE04EC0-301F-11D3-BF4B-00C04F79EFBC}") = "IDNetDaemon", "IDNetDaemon\IDNetDaemon.csproj", "{94C5BB1B-BF80-4EF3-AA38-03FCF37D9645}"
EndProject
Project("{FAE04EC0-301F-11D3-BF4B-00C04F79EFBC}") = "PostBoxLibrary", "PostBoxLibrary\PostBoxLibrary.csproj", "{42956A61-E8D5-47EE-8C8E-ABCBDC195075}"
EndProject
Project("{FAE04EC0-301F-11D3-BF4B-00C04F79EFBC}") = "ProcessLibrary", "ProcessLibrary\ProcessLibrary.csproj", "{D58B06A8-04DE-4289-A42E-B6EC80978777}"
EndProject
Project("{FAE04EC0-301F-11D3-BF4B-00C04F79EFBC}") = "ConstantsLibrary", "ConstantsLibrary\ConstantsLibrary.csproj", "{F9B16A1F-783D-4E0B-8C95-B6B261450BAD}"
EndProject
Project("{FAE04EC0-301F-11D3-BF4B-00C04F79EFBC}") = "ConvertionLibrary", "ConvertionLibrary\ConvertionLibrary.csproj", "{7B09FA70-9FC1-4C95-92E5-1536A7BD496D}"
EndProject
Project("{FAE04EC0-301F-11D3-BF4B-00C04F79EFBC}") = "MessageLibrary", "MessageLibrary\MessageLibrary.csproj", "{224FDCF4-3FE4-424C-9DD6-BCC763FBDE4E}"
EndProject
Project("{FAE04EC0-301F-11D3-BF4B-00C04F79EFBC}") = "PluginsLibrary", "PluginsLibrary\PluginsLibrary.csproj", "{D06B6599-9951-4215-B50D-095AC39301D9}"
EndProject
Project("{FAE04EC0-301F-11D3-BF4B-00C04F79EFBC}") = "CriptoLibrary", "CriptoLibrary\CriptoLibrary.csproj", "{91B231D1-1594-4FBE-BA58-01295B2954C0}"
EndProject
Project("{FAE04EC0-301F-11D3-BF4B-00C04F79EFBC}") = "ConnectionLibrary", "ConnectionLibrary\ConnectionLibrary.csproj", "{B876774A-AB7E-4B31-931F-6A17704A314A}"
EndProject
Project("{FAE04EC0-301F-11D3-BF4B-00C04F79EFBC}") = "SecurityLibrary", "SecurityLibrary\SecurityLibrary.csproj", "{A31D1791-1C99-41B8-88FA-99743E3C1722}"
EndProject
Global
	GlobalSection(SolutionConfigurationPlatforms) = preSolution
		Debug|x86 = Debug|x86
		Release|x86 = Release|x86
	EndGlobalSection
	GlobalSection(ProjectConfigurationPlatforms) = postSolution
		{224FDCF4-3FE4-424C-9DD6-BCC763FBDE4E}.Debug|x86.ActiveCfg = Debug|Any CPU
		{224FDCF4-3FE4-424C-9DD6-BCC763FBDE4E}.Debug|x86.Build.0 = Debug|Any CPU
		{224FDCF4-3FE4-424C-9DD6-BCC763FBDE4E}.Release|x86.ActiveCfg = Release|Any CPU
		{224FDCF4-3FE4-424C-9DD6-BCC763FBDE4E}.Release|x86.Build.0 = Release|Any CPU
		{42956A61-E8D5-47EE-8C8E-ABCBDC195075}.Debug|x86.ActiveCfg = Debug|x86
		{42956A61-E8D5-47EE-8C8E-ABCBDC195075}.Debug|x86.Build.0 = Debug|x86
		{42956A61-E8D5-47EE-8C8E-ABCBDC195075}.Release|x86.ActiveCfg = Release|x86
		{42956A61-E8D5-47EE-8C8E-ABCBDC195075}.Release|x86.Build.0 = Release|x86
		{7B09FA70-9FC1-4C95-92E5-1536A7BD496D}.Debug|x86.ActiveCfg = Debug|Any CPU
		{7B09FA70-9FC1-4C95-92E5-1536A7BD496D}.Debug|x86.Build.0 = Debug|Any CPU
		{7B09FA70-9FC1-4C95-92E5-1536A7BD496D}.Release|x86.ActiveCfg = Release|Any CPU
		{7B09FA70-9FC1-4C95-92E5-1536A7BD496D}.Release|x86.Build.0 = Release|Any CPU
		{91B231D1-1594-4FBE-BA58-01295B2954C0}.Debug|x86.ActiveCfg = Debug|x86
		{91B231D1-1594-4FBE-BA58-01295B2954C0}.Debug|x86.Build.0 = Debug|x86
		{91B231D1-1594-4FBE-BA58-01295B2954C0}.Release|x86.ActiveCfg = Release|x86
		{91B231D1-1594-4FBE-BA58-01295B2954C0}.Release|x86.Build.0 = Release|x86
		{94C5BB1B-BF80-4EF3-AA38-03FCF37D9645}.Debug|x86.ActiveCfg = Debug|x86
		{94C5BB1B-BF80-4EF3-AA38-03FCF37D9645}.Debug|x86.Build.0 = Debug|x86
		{94C5BB1B-BF80-4EF3-AA38-03FCF37D9645}.Release|x86.ActiveCfg = Release|x86
		{94C5BB1B-BF80-4EF3-AA38-03FCF37D9645}.Release|x86.Build.0 = Release|x86
		{A31D1791-1C99-41B8-88FA-99743E3C1722}.Debug|x86.ActiveCfg = Debug|Any CPU
		{A31D1791-1C99-41B8-88FA-99743E3C1722}.Debug|x86.Build.0 = Debug|Any CPU
		{A31D1791-1C99-41B8-88FA-99743E3C1722}.Release|x86.ActiveCfg = Release|Any CPU
		{A31D1791-1C99-41B8-88FA-99743E3C1722}.Release|x86.Build.0 = Release|Any CPU
		{B876774A-AB7E-4B31-931F-6A17704A314A}.Debug|x86.ActiveCfg = Debug|x86
		{B876774A-AB7E-4B31-931F-6A17704A314A}.Debug|x86.Build.0 = Debug|x86
		{B876774A-AB7E-4B31-931F-6A17704A314A}.Release|x86.ActiveCfg = Release|x86
		{B876774A-AB7E-4B31-931F-6A17704A314A}.Release|x86.Build.0 = Release|x86
		{D06B6599-9951-4215-B50D-095AC39301D9}.Debug|x86.ActiveCfg = Debug|Any CPU
		{D06B6599-9951-4215-B50D-095AC39301D9}.Debug|x86.Build.0 = Debug|Any CPU
		{D06B6599-9951-4215-B50D-095AC39301D9}.Release|x86.ActiveCfg = Release|Any CPU
		{D06B6599-9951-4215-B50D-095AC39301D9}.Release|x86.Build.0 = Release|Any CPU
		{D58B06A8-04DE-4289-A42E-B6EC80978777}.Debug|x86.ActiveCfg = Debug|x86
		{D58B06A8-04DE-4289-A42E-B6EC80978777}.Debug|x86.Build.0 = Debug|x86
		{D58B06A8-04DE-4289-A42E-B6EC80978777}.Release|x86.ActiveCfg = Release|x86
		{D58B06A8-04DE-4289-A42E-B6EC80978777}.Release|x86.Build.0 = Release|x86
		{F9B16A1F-783D-4E0B-8C95-B6B261450BAD}.Debug|x86.ActiveCfg = Debug|Any CPU
		{F9B16A1F-783D-4E0B-8C95-B6B261450BAD}.Debug|x86.Build.0 = Debug|Any CPU
		{F9B16A1F-783D-4E0B-8C95-B6B261450BAD}.Release|x86.ActiveCfg = Release|Any CPU
		{F9B16A1F-783D-4E0B-8C95-B6B261450BAD}.Release|x86.Build.0 = Release|Any CPU
	EndGlobalSection
EndGlobal
